
Microsoft Visual Studio Solution File, Format Version 12.00
# Visual Studio Version 16
VisualStudioVersion = 16.0.32126.315
MinimumVisualStudioVersion = 10.0.40219.1
Project("{FAE04EC0-301F-11D3-BF4B-00C04F79EFBC}") = "ExeCRUDWinForm", "ExeCRUDWinForm\ExeCRUDWinForm.csproj", "{93469004-D785-4AB8-8284-2B9897BC6D20}"
EndProject
Global
	GlobalSection(SolutionConfigurationPlatforms) = preSolution
		Debug|Any CPU = Debug|Any CPU
		Release|Any CPU = Release|Any CPU
	EndGlobalSection
	GlobalSection(ProjectConfigurationPlatforms) = postSolution
		{93469004-D785-4AB8-8284-2B9897BC6D20}.Debug|Any CPU.ActiveCfg = Debug|Any CPU
		{93469004-D785-4AB8-8284-2B9897BC6D20}.Debug|Any CPU.Build.0 = Debug|Any CPU
		{93469004-D785-4AB8-8284-2B9897BC6D20}.Release|Any CPU.ActiveCfg = Release|Any CPU
		{93469004-D785-4AB8-8284-2B9897BC6D20}.Release|Any CPU.Build.0 = Release|Any CPU
	EndGlobalSection
	GlobalSection(SolutionProperties) = preSolution
		HideSolutionNode = FALSE
	EndGlobalSection
	GlobalSection(ExtensibilityGlobals) = postSolution
		SolutionGuid = {6D27658F-F044-415B-8D7A-3429D558C4FC}
	EndGlobalSection
EndGlobal
